
Microsoft Visual Studio Solution File, Format Version 12.00
# Visual Studio 15
VisualStudioVersion = 15.0.27004.2009
MinimumVisualStudioVersion = 10.0.40219.1
Project("{2150E333-8FDC-42A3-9474-1A3956D46DE8}") = "Domain", "Domain", "{7830ED44-D2C4-4262-A832-7B6D789B131E}"
EndProject
Project("{9A19103F-16F7-4668-BE54-9A1E7A4F7556}") = "BookMarker.Domain", "BookMarker.Domain\BookMarker.Domain.csproj", "{6E445313-BC74-4B4F-AC67-C767756E1221}"
EndProject
Project("{2150E333-8FDC-42A3-9474-1A3956D46DE8}") = "Presentation", "Presentation", "{F58BB259-D2A3-45E1-B879-3515C8734214}"
EndProject
Project("{FAE04EC0-301F-11D3-BF4B-00C04F79EFBC}") = "BookMarker.Presentation.Android", "BookMarker.Presentation\BookMarker.Presentation.Android\BookMarker.Presentation.Android.csproj", "{76A1EC9C-5CED-4D44-BA48-9E159DC307D2}"
EndProject
Project("{FAE04EC0-301F-11D3-BF4B-00C04F79EFBC}") = "BookMarker.Presentation", "BookMarker.Presentation\BookMarker.Presentation\BookMarker.Presentation.csproj", "{1860C530-D5F6-439B-A149-5E50AE551A31}"
EndProject
Project("{FAE04EC0-301F-11D3-BF4B-00C04F79EFBC}") = "BookMarker.Presentation.iOS", "BookMarker.Presentation\BookMarker.Presentation.iOS\BookMarker.Presentation.iOS.csproj", "{E6DF4C31-BB36-4370-AE72-302CFC5F950A}"
EndProject
Project("{2150E333-8FDC-42A3-9474-1A3956D46DE8}") = "Core", "Core", "{608C24CD-4172-4D78-873B-E3ECB577410C}"
EndProject
Project("{9A19103F-16F7-4668-BE54-9A1E7A4F7556}") = "BookMarker.Core.Domain", "Core.Domain\BookMarker.Core.Domain.csproj", "{E2142841-DF27-4989-B257-B6E137F9817D}"
EndProject
Project("{2150E333-8FDC-42A3-9474-1A3956D46DE8}") = "Infra", "Infra", "{E8451FE9-1ACD-48B4-9118-E80C493C03DC}"
EndProject
Project("{2150E333-8FDC-42A3-9474-1A3956D46DE8}") = "Data", "Data", "{9AF3E8CB-86B1-4ED8-8054-AC7A95D3170A}"
EndProject
Project("{9A19103F-16F7-4668-BE54-9A1E7A4F7556}") = "BookMarker.Infra.Data", "BookMarker.Data\BookMarker.Infra.Data.csproj", "{2EB9841B-C128-48FC-848B-D4F397302057}"
EndProject
Project("{9A19103F-16F7-4668-BE54-9A1E7A4F7556}") = "BookMarker.Core.Infra", "BookMarker.Core.Infra\BookMarker.Core.Infra.csproj", "{D010CFFD-9126-4173-BAB2-1773C6B0AB58}"
EndProject
Project("{2150E333-8FDC-42A3-9474-1A3956D46DE8}") = "loC", "loC", "{ACCF5B28-977F-4DB5-BFC5-97E40377C8DA}"
EndProject
Project("{9A19103F-16F7-4668-BE54-9A1E7A4F7556}") = "BookMarker.Infra.loC", "BookMarker.Infra.loC\BookMarker.Infra.loC.csproj", "{2F383A41-A013-4657-90A2-95C2B980B1F5}"
EndProject
Global
	GlobalSection(SolutionConfigurationPlatforms) = preSolution
		Ad-Hoc|Any CPU = Ad-Hoc|Any CPU
		Ad-Hoc|iPhone = Ad-Hoc|iPhone
		Ad-Hoc|iPhoneSimulator = Ad-Hoc|iPhoneSimulator
		AppStore|Any CPU = AppStore|Any CPU
		AppStore|iPhone = AppStore|iPhone
		AppStore|iPhoneSimulator = AppStore|iPhoneSimulator
		Debug|Any CPU = Debug|Any CPU
		Debug|iPhone = Debug|iPhone
		Debug|iPhoneSimulator = Debug|iPhoneSimulator
		Release|Any CPU = Release|Any CPU
		Release|iPhone = Release|iPhone
		Release|iPhoneSimulator = Release|iPhoneSimulator
	EndGlobalSection
	GlobalSection(ProjectConfigurationPlatforms) = postSolution
		{6E445313-BC74-4B4F-AC67-C767756E1221}.Ad-Hoc|Any CPU.ActiveCfg = Debug|Any CPU
		{6E445313-BC74-4B4F-AC67-C767756E1221}.Ad-Hoc|Any CPU.Build.0 = Debug|Any CPU
		{6E445313-BC74-4B4F-AC67-C767756E1221}.Ad-Hoc|iPhone.ActiveCfg = Debug|Any CPU
		{6E445313-BC74-4B4F-AC67-C767756E1221}.Ad-Hoc|iPhone.Build.0 = Debug|Any CPU
		{6E445313-BC74-4B4F-AC67-C767756E1221}.Ad-Hoc|iPhoneSimulator.ActiveCfg = Debug|Any CPU
		{6E445313-BC74-4B4F-AC67-C767756E1221}.Ad-Hoc|iPhoneSimulator.Build.0 = Debug|Any CPU
		{6E445313-BC74-4B4F-AC67-C767756E1221}.AppStore|Any CPU.ActiveCfg = Debug|Any CPU
		{6E445313-BC74-4B4F-AC67-C767756E1221}.AppStore|Any CPU.Build.0 = Debug|Any CPU
		{6E445313-BC74-4B4F-AC67-C767756E1221}.AppStore|iPhone.ActiveCfg = Debug|Any CPU
		{6E445313-BC74-4B4F-AC67-C767756E1221}.AppStore|iPhone.Build.0 = Debug|Any CPU
		{6E445313-BC74-4B4F-AC67-C767756E1221}.AppStore|iPhoneSimulator.ActiveCfg = Debug|Any CPU
		{6E445313-BC74-4B4F-AC67-C767756E1221}.AppStore|iPhoneSimulator.Build.0 = Debug|Any CPU
		{6E445313-BC74-4B4F-AC67-C767756E1221}.Debug|Any CPU.ActiveCfg = Debug|Any CPU
		{6E445313-BC74-4B4F-AC67-C767756E1221}.Debug|Any CPU.Build.0 = Debug|Any CPU
		{6E445313-BC74-4B4F-AC67-C767756E1221}.Debug|iPhone.ActiveCfg = Debug|Any CPU
		{6E445313-BC74-4B4F-AC67-C767756E1221}.Debug|iPhone.Build.0 = Debug|Any CPU
		{6E445313-BC74-4B4F-AC67-C767756E1221}.Debug|iPhoneSimulator.ActiveCfg = Debug|Any CPU
		{6E445313-BC74-4B4F-AC67-C767756E1221}.Debug|iPhoneSimulator.Build.0 = Debug|Any CPU
		{6E445313-BC74-4B4F-AC67-C767756E1221}.Release|Any CPU.ActiveCfg = Release|Any CPU
		{6E445313-BC74-4B4F-AC67-C767756E1221}.Release|Any CPU.Build.0 = Release|Any CPU
		{6E445313-BC74-4B4F-AC67-C767756E1221}.Release|iPhone.ActiveCfg = Release|Any CPU
		{6E445313-BC74-4B4F-AC67-C767756E1221}.Release|iPhone.Build.0 = Release|Any CPU
		{6E445313-BC74-4B4F-AC67-C767756E1221}.Release|iPhoneSimulator.ActiveCfg = Release|Any CPU
		{6E445313-BC74-4B4F-AC67-C767756E1221}.Release|iPhoneSimulator.Build.0 = Release|Any CPU
		{76A1EC9C-5CED-4D44-BA48-9E159DC307D2}.Ad-Hoc|Any CPU.ActiveCfg = Release|Any CPU
		{76A1EC9C-5CED-4D44-BA48-9E159DC307D2}.Ad-Hoc|Any CPU.Build.0 = Release|Any CPU
		{76A1EC9C-5CED-4D44-BA48-9E159DC307D2}.Ad-Hoc|Any CPU.Deploy.0 = Release|Any CPU
		{76A1EC9C-5CED-4D44-BA48-9E159DC307D2}.Ad-Hoc|iPhone.ActiveCfg = Release|Any CPU
		{76A1EC9C-5CED-4D44-BA48-9E159DC307D2}.Ad-Hoc|iPhone.Build.0 = Release|Any CPU
		{76A1EC9C-5CED-4D44-BA48-9E159DC307D2}.Ad-Hoc|iPhone.Deploy.0 = Release|Any CPU
		{76A1EC9C-5CED-4D44-BA48-9E159DC307D2}.Ad-Hoc|iPhoneSimulator.ActiveCfg = Release|Any CPU
		{76A1EC9C-5CED-4D44-BA48-9E159DC307D2}.Ad-Hoc|iPhoneSimulator.Build.0 = Release|Any CPU
		{76A1EC9C-5CED-4D44-BA48-9E159DC307D2}.Ad-Hoc|iPhoneSimulator.Deploy.0 = Release|Any CPU
		{76A1EC9C-5CED-4D44-BA48-9E159DC307D2}.AppStore|Any CPU.ActiveCfg = Release|Any CPU
		{76A1EC9C-5CED-4D44-BA48-9E159DC307D2}.AppStore|Any CPU.Build.0 = Release|Any CPU
		{76A1EC9C-5CED-4D44-BA48-9E159DC307D2}.AppStore|Any CPU.Deploy.0 = Release|Any CPU
		{76A1EC9C-5CED-4D44-BA48-9E159DC307D2}.AppStore|iPhone.ActiveCfg = Release|Any CPU
		{76A1EC9C-5CED-4D44-BA48-9E159DC307D2}.AppStore|iPhone.Build.0 = Release|Any CPU
		{76A1EC9C-5CED-4D44-BA48-9E159DC307D2}.AppStore|iPhone.Deploy.0 = Release|Any CPU
		{76A1EC9C-5CED-4D44-BA48-9E159DC307D2}.AppStore|iPhoneSimulator.ActiveCfg = Release|Any CPU
		{76A1EC9C-5CED-4D44-BA48-9E159DC307D2}.AppStore|iPhoneSimulator.Build.0 = Release|Any CPU
		{76A1EC9C-5CED-4D44-BA48-9E159DC307D2}.AppStore|iPhoneSimulator.Deploy.0 = Release|Any CPU
		{76A1EC9C-5CED-4D44-BA48-9E159DC307D2}.Debug|Any CPU.ActiveCfg = Debug|Any CPU
		{76A1EC9C-5CED-4D44-BA48-9E159DC307D2}.Debug|Any CPU.Build.0 = Debug|Any CPU
		{76A1EC9C-5CED-4D44-BA48-9E159DC307D2}.Debug|Any CPU.Deploy.0 = Debug|Any CPU
		{76A1EC9C-5CED-4D44-BA48-9E159DC307D2}.Debug|iPhone.ActiveCfg = Debug|Any CPU
		{76A1EC9C-5CED-4D44-BA48-9E159DC307D2}.Debug|iPhone.Build.0 = Debug|Any CPU
		{76A1EC9C-5CED-4D44-BA48-9E159DC307D2}.Debug|iPhone.Deploy.0 = Debug|Any CPU
		{76A1EC9C-5CED-4D44-BA48-9E159DC307D2}.Debug|iPhoneSimulator.ActiveCfg = Debug|Any CPU
		{76A1EC9C-5CED-4D44-BA48-9E159DC307D2}.Debug|iPhoneSimulator.Build.0 = Debug|Any CPU
		{76A1EC9C-5CED-4D44-BA48-9E159DC307D2}.Debug|iPhoneSimulator.Deploy.0 = Debug|Any CPU
		{76A1EC9C-5CED-4D44-BA48-9E159DC307D2}.Release|Any CPU.ActiveCfg = Release|Any CPU
		{76A1EC9C-5CED-4D44-BA48-9E159DC307D2}.Release|Any CPU.Build.0 = Release|Any CPU
		{76A1EC9C-5CED-4D44-BA48-9E159DC307D2}.Release|Any CPU.Deploy.0 = Release|Any CPU
		{76A1EC9C-5CED-4D44-BA48-9E159DC307D2}.Release|iPhone.ActiveCfg = Release|Any CPU
		{76A1EC9C-5CED-4D44-BA48-9E159DC307D2}.Release|iPhone.Build.0 = Release|Any CPU
		{76A1EC9C-5CED-4D44-BA48-9E159DC307D2}.Release|iPhone.Deploy.0 = Release|Any CPU
		{76A1EC9C-5CED-4D44-BA48-9E159DC307D2}.Release|iPhoneSimulator.ActiveCfg = Release|Any CPU
		{76A1EC9C-5CED-4D44-BA48-9E159DC307D2}.Release|iPhoneSimulator.Build.0 = Release|Any CPU
		{76A1EC9C-5CED-4D44-BA48-9E159DC307D2}.Release|iPhoneSimulator.Deploy.0 = Release|Any CPU
		{1860C530-D5F6-439B-A149-5E50AE551A31}.Ad-Hoc|Any CPU.ActiveCfg = Release|Any CPU
		{1860C530-D5F6-439B-A149-5E50AE551A31}.Ad-Hoc|Any CPU.Build.0 = Release|Any CPU
		{1860C530-D5F6-439B-A149-5E50AE551A31}.Ad-Hoc|iPhone.ActiveCfg = Release|Any CPU
		{1860C530-D5F6-439B-A149-5E50AE551A31}.Ad-Hoc|iPhone.Build.0 = Release|Any CPU
		{1860C530-D5F6-439B-A149-5E50AE551A31}.Ad-Hoc|iPhoneSimulator.ActiveCfg = Release|Any CPU
		{1860C530-D5F6-439B-A149-5E50AE551A31}.Ad-Hoc|iPhoneSimulator.Build.0 = Release|Any CPU
		{1860C530-D5F6-439B-A149-5E50AE551A31}.AppStore|Any CPU.ActiveCfg = Release|Any CPU
		{1860C530-D5F6-439B-A149-5E50AE551A31}.AppStore|Any CPU.Build.0 = Release|Any CPU
		{1860C530-D5F6-439B-A149-5E50AE551A31}.AppStore|iPhone.ActiveCfg = Release|Any CPU
		{1860C530-D5F6-439B-A149-5E50AE551A31}.AppStore|iPhone.Build.0 = Release|Any CPU
		{1860C530-D5F6-439B-A149-5E50AE551A31}.AppStore|iPhoneSimulator.ActiveCfg = Release|Any CPU
		{1860C530-D5F6-439B-A149-5E50AE551A31}.AppStore|iPhoneSimulator.Build.0 = Release|Any CPU
		{1860C530-D5F6-439B-A149-5E50AE551A31}.Debug|Any CPU.ActiveCfg = Debug|Any CPU
		{1860C530-D5F6-439B-A149-5E50AE551A31}.Debug|Any CPU.Build.0 = Debug|Any CPU
		{1860C530-D5F6-439B-A149-5E50AE551A31}.Debug|iPhone.ActiveCfg = Debug|Any CPU
		{1860C530-D5F6-439B-A149-5E50AE551A31}.Debug|iPhone.Build.0 = Debug|Any CPU
		{1860C530-D5F6-439B-A149-5E50AE551A31}.Debug|iPhoneSimulator.ActiveCfg = Debug|Any CPU
		{1860C530-D5F6-439B-A149-5E50AE551A31}.Debug|iPhoneSimulator.Build.0 = Debug|Any CPU
		{1860C530-D5F6-439B-A149-5E50AE551A31}.Release|Any CPU.ActiveCfg = Release|Any CPU
		{1860C530-D5F6-439B-A149-5E50AE551A31}.Release|Any CPU.Build.0 = Release|Any CPU
		{1860C530-D5F6-439B-A149-5E50AE551A31}.Release|iPhone.ActiveCfg = Release|Any CPU
		{1860C530-D5F6-439B-A149-5E50AE551A31}.Release|iPhone.Build.0 = Release|Any CPU
		{1860C530-D5F6-439B-A149-5E50AE551A31}.Release|iPhoneSimulator.ActiveCfg = Release|Any CPU
		{1860C530-D5F6-439B-A149-5E50AE551A31}.Release|iPhoneSimulator.Build.0 = Release|Any CPU
		{E6DF4C31-BB36-4370-AE72-302CFC5F950A}.Ad-Hoc|Any CPU.ActiveCfg = Ad-Hoc|iPhone
		{E6DF4C31-BB36-4370-AE72-302CFC5F950A}.Ad-Hoc|iPhone.ActiveCfg = Ad-Hoc|iPhone
		{E6DF4C31-BB36-4370-AE72-302CFC5F950A}.Ad-Hoc|iPhone.Build.0 = Ad-Hoc|iPhone
		{E6DF4C31-BB36-4370-AE72-302CFC5F950A}.Ad-Hoc|iPhoneSimulator.ActiveCfg = Ad-Hoc|iPhoneSimulator
		{E6DF4C31-BB36-4370-AE72-302CFC5F950A}.Ad-Hoc|iPhoneSimulator.Build.0 = Ad-Hoc|iPhoneSimulator
		{E6DF4C31-BB36-4370-AE72-302CFC5F950A}.AppStore|Any CPU.ActiveCfg = AppStore|iPhone
		{E6DF4C31-BB36-4370-AE72-302CFC5F950A}.AppStore|iPhone.ActiveCfg = AppStore|iPhone
		{E6DF4C31-BB36-4370-AE72-302CFC5F950A}.AppStore|iPhone.Build.0 = AppStore|iPhone
		{E6DF4C31-BB36-4370-AE72-302CFC5F950A}.AppStore|iPhoneSimulator.ActiveCfg = AppStore|iPhoneSimulator
		{E6DF4C31-BB36-4370-AE72-302CFC5F950A}.AppStore|iPhoneSimulator.Build.0 = AppStore|iPhoneSimulator
		{E6DF4C31-BB36-4370-AE72-302CFC5F950A}.Debug|Any CPU.ActiveCfg = Debug|iPhone
		{E6DF4C31-BB36-4370-AE72-302CFC5F950A}.Debug|iPhone.ActiveCfg = Debug|iPhone
		{E6DF4C31-BB36-4370-AE72-302CFC5F950A}.Debug|iPhone.Build.0 = Debug|iPhone
		{E6DF4C31-BB36-4370-AE72-302CFC5F950A}.Debug|iPhoneSimulator.ActiveCfg = Debug|iPhoneSimulator
		{E6DF4C31-BB36-4370-AE72-302CFC5F950A}.Debug|iPhoneSimulator.Build.0 = Debug|iPhoneSimulator
		{E6DF4C31-BB36-4370-AE72-302CFC5F950A}.Release|Any CPU.ActiveCfg = Release|iPhone
		{E6DF4C31-BB36-4370-AE72-302CFC5F950A}.Release|iPhone.ActiveCfg = Release|iPhone
		{E6DF4C31-BB36-4370-AE72-302CFC5F950A}.Release|iPhone.Build.0 = Release|iPhone
		{E6DF4C31-BB36-4370-AE72-302CFC5F950A}.Release|iPhoneSimulator.ActiveCfg = Release|iPhoneSimulator
		{E6DF4C31-BB36-4370-AE72-302CFC5F950A}.Release|iPhoneSimulator.Build.0 = Release|iPhoneSimulator
		{E2142841-DF27-4989-B257-B6E137F9817D}.Ad-Hoc|Any CPU.ActiveCfg = Debug|Any CPU
		{E2142841-DF27-4989-B257-B6E137F9817D}.Ad-Hoc|Any CPU.Build.0 = Debug|Any CPU
		{E2142841-DF27-4989-B257-B6E137F9817D}.Ad-Hoc|iPhone.ActiveCfg = Debug|Any CPU
		{E2142841-DF27-4989-B257-B6E137F9817D}.Ad-Hoc|iPhone.Build.0 = Debug|Any CPU
		{E2142841-DF27-4989-B257-B6E137F9817D}.Ad-Hoc|iPhoneSimulator.ActiveCfg = Debug|Any CPU
		{E2142841-DF27-4989-B257-B6E137F9817D}.Ad-Hoc|iPhoneSimulator.Build.0 = Debug|Any CPU
		{E2142841-DF27-4989-B257-B6E137F9817D}.AppStore|Any CPU.ActiveCfg = Debug|Any CPU
		{E2142841-DF27-4989-B257-B6E137F9817D}.AppStore|Any CPU.Build.0 = Debug|Any CPU
		{E2142841-DF27-4989-B257-B6E137F9817D}.AppStore|iPhone.ActiveCfg = Debug|Any CPU
		{E2142841-DF27-4989-B257-B6E137F9817D}.AppStore|iPhone.Build.0 = Debug|Any CPU
		{E2142841-DF27-4989-B257-B6E137F9817D}.AppStore|iPhoneSimulator.ActiveCfg = Debug|Any CPU
		{E2142841-DF27-4989-B257-B6E137F9817D}.AppStore|iPhoneSimulator.Build.0 = Debug|Any CPU
		{E2142841-DF27-4989-B257-B6E137F9817D}.Debug|Any CPU.ActiveCfg = Debug|Any CPU
		{E2142841-DF27-4989-B257-B6E137F9817D}.Debug|Any CPU.Build.0 = Debug|Any CPU
		{E2142841-DF27-4989-B257-B6E137F9817D}.Debug|iPhone.ActiveCfg = Debug|Any CPU
		{E2142841-DF27-4989-B257-B6E137F9817D}.Debug|iPhone.Build.0 = Debug|Any CPU
		{E2142841-DF27-4989-B257-B6E137F9817D}.Debug|iPhoneSimulator.ActiveCfg = Debug|Any CPU
		{E2142841-DF27-4989-B257-B6E137F9817D}.Debug|iPhoneSimulator.Build.0 = Debug|Any CPU
		{E2142841-DF27-4989-B257-B6E137F9817D}.Release|Any CPU.ActiveCfg = Release|Any CPU
		{E2142841-DF27-4989-B257-B6E137F9817D}.Release|Any CPU.Build.0 = Release|Any CPU
		{E2142841-DF27-4989-B257-B6E137F9817D}.Release|iPhone.ActiveCfg = Release|Any CPU
		{E2142841-DF27-4989-B257-B6E137F9817D}.Release|iPhone.Build.0 = Release|Any CPU
		{E2142841-DF27-4989-B257-B6E137F9817D}.Release|iPhoneSimulator.ActiveCfg = Release|Any CPU
		{E2142841-DF27-4989-B257-B6E137F9817D}.Release|iPhoneSimulator.Build.0 = Release|Any CPU
		{2EB9841B-C128-48FC-848B-D4F397302057}.Ad-Hoc|Any CPU.ActiveCfg = Debug|Any CPU
		{2EB9841B-C128-48FC-848B-D4F397302057}.Ad-Hoc|Any CPU.Build.0 = Debug|Any CPU
		{2EB9841B-C128-48FC-848B-D4F397302057}.Ad-Hoc|iPhone.ActiveCfg = Debug|Any CPU
		{2EB9841B-C128-48FC-848B-D4F397302057}.Ad-Hoc|iPhone.Build.0 = Debug|Any CPU
		{2EB9841B-C128-48FC-848B-D4F397302057}.Ad-Hoc|iPhoneSimulator.ActiveCfg = Debug|Any CPU
		{2EB9841B-C128-48FC-848B-D4F397302057}.Ad-Hoc|iPhoneSimulator.Build.0 = Debug|Any CPU
		{2EB9841B-C128-48FC-848B-D4F397302057}.AppStore|Any CPU.ActiveCfg = Debug|Any CPU
		{2EB9841B-C128-48FC-848B-D4F397302057}.AppStore|Any CPU.Build.0 = Debug|Any CPU
		{2EB9841B-C128-48FC-848B-D4F397302057}.AppStore|iPhone.ActiveCfg = Debug|Any CPU
		{2EB9841B-C128-48FC-848B-D4F397302057}.AppStore|iPhone.Build.0 = Debug|Any CPU
		{2EB9841B-C128-48FC-848B-D4F397302057}.AppStore|iPhoneSimulator.ActiveCfg = Debug|Any CPU
		{2EB9841B-C128-48FC-848B-D4F397302057}.AppStore|iPhoneSimulator.Build.0 = Debug|Any CPU
		{2EB9841B-C128-48FC-848B-D4F397302057}.Debug|Any CPU.ActiveCfg = Debug|Any CPU
		{2EB9841B-C128-48FC-848B-D4F397302057}.Debug|Any CPU.Build.0 = Debug|Any CPU
		{2EB9841B-C128-48FC-848B-D4F397302057}.Debug|iPhone.ActiveCfg = Debug|Any CPU
		{2EB9841B-C128-48FC-848B-D4F397302057}.Debug|iPhone.Build.0 = Debug|Any CPU
		{2EB9841B-C128-48FC-848B-D4F397302057}.Debug|iPhoneSimulator.ActiveCfg = Debug|Any CPU
		{2EB9841B-C128-48FC-848B-D4F397302057}.Debug|iPhoneSimulator.Build.0 = Debug|Any CPU
		{2EB9841B-C128-48FC-848B-D4F397302057}.Release|Any CPU.ActiveCfg = Release|Any CPU
		{2EB9841B-C128-48FC-848B-D4F397302057}.Release|Any CPU.Build.0 = Release|Any CPU
		{2EB9841B-C128-48FC-848B-D4F397302057}.Release|iPhone.ActiveCfg = Release|Any CPU
		{2EB9841B-C128-48FC-848B-D4F397302057}.Release|iPhone.Build.0 = Release|Any CPU
		{2EB9841B-C128-48FC-848B-D4F397302057}.Release|iPhoneSimulator.ActiveCfg = Release|Any CPU
		{2EB9841B-C128-48FC-848B-D4F397302057}.Release|iPhoneSimulator.Build.0 = Release|Any CPU
		{D010CFFD-9126-4173-BAB2-1773C6B0AB58}.Ad-Hoc|Any CPU.ActiveCfg = Debug|Any CPU
		{D010CFFD-9126-4173-BAB2-1773C6B0AB58}.Ad-Hoc|Any CPU.Build.0 = Debug|Any CPU
		{D010CFFD-9126-4173-BAB2-1773C6B0AB58}.Ad-Hoc|iPhone.ActiveCfg = Debug|Any CPU
		{D010CFFD-9126-4173-BAB2-1773C6B0AB58}.Ad-Hoc|iPhone.Build.0 = Debug|Any CPU
		{D010CFFD-9126-4173-BAB2-1773C6B0AB58}.Ad-Hoc|iPhoneSimulator.ActiveCfg = Debug|Any CPU
		{D010CFFD-9126-4173-BAB2-1773C6B0AB58}.Ad-Hoc|iPhoneSimulator.Build.0 = Debug|Any CPU
		{D010CFFD-9126-4173-BAB2-1773C6B0AB58}.AppStore|Any CPU.ActiveCfg = Debug|Any CPU
		{D010CFFD-9126-4173-BAB2-1773C6B0AB58}.AppStore|Any CPU.Build.0 = Debug|Any CPU
		{D010CFFD-9126-4173-BAB2-1773C6B0AB58}.AppStore|iPhone.ActiveCfg = Debug|Any CPU
		{D010CFFD-9126-4173-BAB2-1773C6B0AB58}.AppStore|iPhone.Build.0 = Debug|Any CPU
		{D010CFFD-9126-4173-BAB2-1773C6B0AB58}.AppStore|iPhoneSimulator.ActiveCfg = Debug|Any CPU
		{D010CFFD-9126-4173-BAB2-1773C6B0AB58}.AppStore|iPhoneSimulator.Build.0 = Debug|Any CPU
		{D010CFFD-9126-4173-BAB2-1773C6B0AB58}.Debug|Any CPU.ActiveCfg = Debug|Any CPU
		{D010CFFD-9126-4173-BAB2-1773C6B0AB58}.Debug|Any CPU.Build.0 = Debug|Any CPU
		{D010CFFD-9126-4173-BAB2-1773C6B0AB58}.Debug|iPhone.ActiveCfg = Debug|Any CPU
		{D010CFFD-9126-4173-BAB2-1773C6B0AB58}.Debug|iPhone.Build.0 = Debug|Any CPU
		{D010CFFD-9126-4173-BAB2-1773C6B0AB58}.Debug|iPhoneSimulator.ActiveCfg = Debug|Any CPU
		{D010CFFD-9126-4173-BAB2-1773C6B0AB58}.Debug|iPhoneSimulator.Build.0 = Debug|Any CPU
		{D010CFFD-9126-4173-BAB2-1773C6B0AB58}.Release|Any CPU.ActiveCfg = Release|Any CPU
		{D010CFFD-9126-4173-BAB2-1773C6B0AB58}.Release|Any CPU.Build.0 = Release|Any CPU
		{D010CFFD-9126-4173-BAB2-1773C6B0AB58}.Release|iPhone.ActiveCfg = Release|Any CPU
		{D010CFFD-9126-4173-BAB2-1773C6B0AB58}.Release|iPhone.Build.0 = Release|Any CPU
		{D010CFFD-9126-4173-BAB2-1773C6B0AB58}.Release|iPhoneSimulator.ActiveCfg = Release|Any CPU
		{D010CFFD-9126-4173-BAB2-1773C6B0AB58}.Release|iPhoneSimulator.Build.0 = Release|Any CPU
		{2F383A41-A013-4657-90A2-95C2B980B1F5}.Ad-Hoc|Any CPU.ActiveCfg = Debug|Any CPU
		{2F383A41-A013-4657-90A2-95C2B980B1F5}.Ad-Hoc|Any CPU.Build.0 = Debug|Any CPU
		{2F383A41-A013-4657-90A2-95C2B980B1F5}.Ad-Hoc|iPhone.ActiveCfg = Debug|Any CPU
		{2F383A41-A013-4657-90A2-95C2B980B1F5}.Ad-Hoc|iPhone.Build.0 = Debug|Any CPU
		{2F383A41-A013-4657-90A2-95C2B980B1F5}.Ad-Hoc|iPhoneSimulator.ActiveCfg = Debug|Any CPU
		{2F383A41-A013-4657-90A2-95C2B980B1F5}.Ad-Hoc|iPhoneSimulator.Build.0 = Debug|Any CPU
		{2F383A41-A013-4657-90A2-95C2B980B1F5}.AppStore|Any CPU.ActiveCfg = Debug|Any CPU
		{2F383A41-A013-4657-90A2-95C2B980B1F5}.AppStore|Any CPU.Build.0 = Debug|Any CPU
		{2F383A41-A013-4657-90A2-95C2B980B1F5}.AppStore|iPhone.ActiveCfg = Debug|Any CPU
		{2F383A41-A013-4657-90A2-95C2B980B1F5}.AppStore|iPhone.Build.0 = Debug|Any CPU
		{2F383A41-A013-4657-90A2-95C2B980B1F5}.AppStore|iPhoneSimulator.ActiveCfg = Debug|Any CPU
		{2F383A41-A013-4657-90A2-95C2B980B1F5}.AppStore|iPhoneSimulator.Build.0 = Debug|Any CPU
		{2F383A41-A013-4657-90A2-95C2B980B1F5}.Debug|Any CPU.ActiveCfg = Debug|Any CPU
		{2F383A41-A013-4657-90A2-95C2B980B1F5}.Debug|Any CPU.Build.0 = Debug|Any CPU
		{2F383A41-A013-4657-90A2-95C2B980B1F5}.Debug|iPhone.ActiveCfg = Debug|Any CPU
		{2F383A41-A013-4657-90A2-95C2B980B1F5}.Debug|iPhone.Build.0 = Debug|Any CPU
		{2F383A41-A013-4657-90A2-95C2B980B1F5}.Debug|iPhoneSimulator.ActiveCfg = Debug|Any CPU
		{2F383A41-A013-4657-90A2-95C2B980B1F5}.Debug|iPhoneSimulator.Build.0 = Debug|Any CPU
		{2F383A41-A013-4657-90A2-95C2B980B1F5}.Release|Any CPU.ActiveCfg = Release|Any CPU
		{2F383A41-A013-4657-90A2-95C2B980B1F5}.Release|Any CPU.Build.0 = Release|Any CPU
		{2F383A41-A013-4657-90A2-95C2B980B1F5}.Release|iPhone.ActiveCfg = Release|Any CPU
		{2F383A41-A013-4657-90A2-95C2B980B1F5}.Release|iPhone.Build.0 = Release|Any CPU
		{2F383A41-A013-4657-90A2-95C2B980B1F5}.Release|iPhoneSimulator.ActiveCfg = Release|Any CPU
		{2F383A41-A013-4657-90A2-95C2B980B1F5}.Release|iPhoneSimulator.Build.0 = Release|Any CPU
	EndGlobalSection
	GlobalSection(SolutionProperties) = preSolution
		HideSolutionNode = FALSE
	EndGlobalSection
	GlobalSection(NestedProjects) = preSolution
		{6E445313-BC74-4B4F-AC67-C767756E1221} = {7830ED44-D2C4-4262-A832-7B6D789B131E}
		{76A1EC9C-5CED-4D44-BA48-9E159DC307D2} = {F58BB259-D2A3-45E1-B879-3515C8734214}
		{1860C530-D5F6-439B-A149-5E50AE551A31} = {F58BB259-D2A3-45E1-B879-3515C8734214}
		{E6DF4C31-BB36-4370-AE72-302CFC5F950A} = {F58BB259-D2A3-45E1-B879-3515C8734214}
		{608C24CD-4172-4D78-873B-E3ECB577410C} = {7830ED44-D2C4-4262-A832-7B6D789B131E}
		{E2142841-DF27-4989-B257-B6E137F9817D} = {608C24CD-4172-4D78-873B-E3ECB577410C}
		{9AF3E8CB-86B1-4ED8-8054-AC7A95D3170A} = {E8451FE9-1ACD-48B4-9118-E80C493C03DC}
		{2EB9841B-C128-48FC-848B-D4F397302057} = {9AF3E8CB-86B1-4ED8-8054-AC7A95D3170A}
		{D010CFFD-9126-4173-BAB2-1773C6B0AB58} = {608C24CD-4172-4D78-873B-E3ECB577410C}
		{ACCF5B28-977F-4DB5-BFC5-97E40377C8DA} = {E8451FE9-1ACD-48B4-9118-E80C493C03DC}
		{2F383A41-A013-4657-90A2-95C2B980B1F5} = {ACCF5B28-977F-4DB5-BFC5-97E40377C8DA}
	EndGlobalSection
	GlobalSection(ExtensibilityGlobals) = postSolution
		SolutionGuid = {36F8EF61-A59F-4D1D-8F96-96B2B300145F}
	EndGlobalSection
EndGlobal
